// !$*UTF8*$!
{
	archiveVersion = 1;
	classes = {
	};
	objectVersion = 56;
	objects = {

/* Begin PBXBuildFile section */
		05189A002A3761C500430226 /* TimelineSummaryView.swift in Sources */ = {isa = PBXBuildFile; fileRef = 051899FF2A3761C500430226 /* TimelineSummaryView.swift */; };
		0584B3592A40574F004758AE /* TimelineDateView.swift in Sources */ = {isa = PBXBuildFile; fileRef = 0584B3582A40574F004758AE /* TimelineDateView.swift */; };
		0584B35C2A40682C004758AE /* Date.swift in Sources */ = {isa = PBXBuildFile; fileRef = 0584B35B2A40682C004758AE /* Date.swift */; };
		0584B35E2A408B2C004758AE /* TimelineSummaryValueView.swift in Sources */ = {isa = PBXBuildFile; fileRef = 0584B35D2A408B2C004758AE /* TimelineSummaryValueView.swift */; };
		0584B3612A4A468F004758AE /* AppendingItemView.swift in Sources */ = {isa = PBXBuildFile; fileRef = 0584B3602A4A468F004758AE /* AppendingItemView.swift */; };
		0584B3792A766442004758AE /* ItemCoreEntity+CoreDataClass.swift in Sources */ = {isa = PBXBuildFile; fileRef = 0584B3752A766442004758AE /* ItemCoreEntity+CoreDataClass.swift */; };
		0584B37A2A766442004758AE /* ItemCoreEntity+CoreDataProperties.swift in Sources */ = {isa = PBXBuildFile; fileRef = 0584B3762A766442004758AE /* ItemCoreEntity+CoreDataProperties.swift */; };
		0584B37B2A766442004758AE /* GroupCoreEntity+CoreDataClass.swift in Sources */ = {isa = PBXBuildFile; fileRef = 0584B3772A766442004758AE /* GroupCoreEntity+CoreDataClass.swift */; };
		0584B37C2A766442004758AE /* GroupCoreEntity+CoreDataProperties.swift in Sources */ = {isa = PBXBuildFile; fileRef = 0584B3782A766442004758AE /* GroupCoreEntity+CoreDataProperties.swift */; };
		0584B3802A76647D004758AE /* ItemEntity.swift in Sources */ = {isa = PBXBuildFile; fileRef = 0584B37F2A76647D004758AE /* ItemEntity.swift */; };
		0584B3832A77F486004758AE /* CategoryCoreEntity+CoreDataClass.swift in Sources */ = {isa = PBXBuildFile; fileRef = 0584B3812A77F486004758AE /* CategoryCoreEntity+CoreDataClass.swift */; };
		0584B3842A77F486004758AE /* CategoryCoreEntity+CoreDataProperties.swift in Sources */ = {isa = PBXBuildFile; fileRef = 0584B3822A77F486004758AE /* CategoryCoreEntity+CoreDataProperties.swift */; };
		05A719A82A8521AE00260837 /* ChartView.swift in Sources */ = {isa = PBXBuildFile; fileRef = 05A719A72A8521AE00260837 /* ChartView.swift */; };
		05A76A0C2A34115D00B231CB /* MoneyBookApp.swift in Sources */ = {isa = PBXBuildFile; fileRef = 05A76A0B2A34115D00B231CB /* MoneyBookApp.swift */; };
		05A76A0E2A34115D00B231CB /* ContentView.swift in Sources */ = {isa = PBXBuildFile; fileRef = 05A76A0D2A34115D00B231CB /* ContentView.swift */; };
		05A76A102A34115E00B231CB /* Assets.xcassets in Resources */ = {isa = PBXBuildFile; fileRef = 05A76A0F2A34115E00B231CB /* Assets.xcassets */; };
		05A76A132A34115E00B231CB /* Preview Assets.xcassets in Resources */ = {isa = PBXBuildFile; fileRef = 05A76A122A34115E00B231CB /* Preview Assets.xcassets */; };
		05A76A152A34115E00B231CB /* Persistence.swift in Sources */ = {isa = PBXBuildFile; fileRef = 05A76A142A34115E00B231CB /* Persistence.swift */; };
		05A76A182A34115E00B231CB /* MoneyBook.xcdatamodeld in Sources */ = {isa = PBXBuildFile; fileRef = 05A76A162A34115E00B231CB /* MoneyBook.xcdatamodeld */; };
		05A76A222A34115E00B231CB /* MoneyBookTests.swift in Sources */ = {isa = PBXBuildFile; fileRef = 05A76A212A34115E00B231CB /* MoneyBookTests.swift */; };
		05A76A2C2A34115E00B231CB /* MoneyBookUITests.swift in Sources */ = {isa = PBXBuildFile; fileRef = 05A76A2B2A34115E00B231CB /* MoneyBookUITests.swift */; };
		05A76A2E2A34115E00B231CB /* MoneyBookUITestsLaunchTests.swift in Sources */ = {isa = PBXBuildFile; fileRef = 05A76A2D2A34115E00B231CB /* MoneyBookUITestsLaunchTests.swift */; };
		05A76A3D2A355D4B00B231CB /* TimelineView.swift in Sources */ = {isa = PBXBuildFile; fileRef = 05A76A3C2A355D4B00B231CB /* TimelineView.swift */; };
		05A76A402A355DE100B231CB /* TimelineItemView.swift in Sources */ = {isa = PBXBuildFile; fileRef = 05A76A3F2A355DE100B231CB /* TimelineItemView.swift */; };
		05B6500A2B52624800389A32 /* Colors.xcassets in Resources */ = {isa = PBXBuildFile; fileRef = 05B650092B52624800389A32 /* Colors.xcassets */; };
		05B6500C2B52673000389A32 /* Double+format.swift in Sources */ = {isa = PBXBuildFile; fileRef = 05B6500B2B52673000389A32 /* Double+format.swift */; };
		05B6500E2B5267FF00389A32 /* Locale.swift in Sources */ = {isa = PBXBuildFile; fileRef = 05B6500D2B5267FF00389A32 /* Locale.swift */; };
		05B76D492B25D3DE0048C757 /* MultiSelectView.swift in Sources */ = {isa = PBXBuildFile; fileRef = 05B76D482B25D3DE0048C757 /* MultiSelectView.swift */; };
		05BA7BDF2B29DDEE00D159FB /* Localizable.xcstrings in Resources */ = {isa = PBXBuildFile; fileRef = 05BA7BDE2B29DDEE00D159FB /* Localizable.xcstrings */; };
		05BA7BE72B2B38D800D159FB /* WidgetKit.framework in Frameworks */ = {isa = PBXBuildFile; fileRef = 05BA7BE62B2B38D800D159FB /* WidgetKit.framework */; };
		05BA7BE92B2B38D800D159FB /* SwiftUI.framework in Frameworks */ = {isa = PBXBuildFile; fileRef = 05BA7BE82B2B38D800D159FB /* SwiftUI.framework */; };
		05BA7BEC2B2B38D800D159FB /* MoneyBookWidgetsBundle.swift in Sources */ = {isa = PBXBuildFile; fileRef = 05BA7BEB2B2B38D800D159FB /* MoneyBookWidgetsBundle.swift */; };
		05BA7BEE2B2B38D800D159FB /* MoneyBookWidgets.swift in Sources */ = {isa = PBXBuildFile; fileRef = 05BA7BED2B2B38D800D159FB /* MoneyBookWidgets.swift */; };
		05BA7BF02B2B38D900D159FB /* Assets.xcassets in Resources */ = {isa = PBXBuildFile; fileRef = 05BA7BEF2B2B38D900D159FB /* Assets.xcassets */; };
		05BA7BF42B2B38D900D159FB /* MoneyBookWidgetsExtension.appex in Embed Foundation Extensions */ = {isa = PBXBuildFile; fileRef = 05BA7BE42B2B38D800D159FB /* MoneyBookWidgetsExtension.appex */; settings = {ATTRIBUTES = (RemoveHeadersOnCopy, ); }; };
		05D7E54A2B4D844000554496 /* Pretendard-Black.otf in Resources */ = {isa = PBXBuildFile; fileRef = 05D7E5412B4D844000554496 /* Pretendard-Black.otf */; };
		05D7E54B2B4D844000554496 /* Pretendard-ExtraBold.otf in Resources */ = {isa = PBXBuildFile; fileRef = 05D7E5422B4D844000554496 /* Pretendard-ExtraBold.otf */; };
		05D7E54C2B4D844000554496 /* Pretendard-Bold.otf in Resources */ = {isa = PBXBuildFile; fileRef = 05D7E5432B4D844000554496 /* Pretendard-Bold.otf */; };
		05D7E54D2B4D844000554496 /* Pretendard-Light.otf in Resources */ = {isa = PBXBuildFile; fileRef = 05D7E5442B4D844000554496 /* Pretendard-Light.otf */; };
		05D7E54E2B4D844000554496 /* Pretendard-Regular.otf in Resources */ = {isa = PBXBuildFile; fileRef = 05D7E5452B4D844000554496 /* Pretendard-Regular.otf */; };
		05D7E54F2B4D844000554496 /* Pretendard-Medium.otf in Resources */ = {isa = PBXBuildFile; fileRef = 05D7E5462B4D844000554496 /* Pretendard-Medium.otf */; };
		05D7E5502B4D844000554496 /* Pretendard-ExtraLight.otf in Resources */ = {isa = PBXBuildFile; fileRef = 05D7E5472B4D844000554496 /* Pretendard-ExtraLight.otf */; };
		05D7E5512B4D844000554496 /* Pretendard-SemiBold.otf in Resources */ = {isa = PBXBuildFile; fileRef = 05D7E5482B4D844000554496 /* Pretendard-SemiBold.otf */; };
		05D7E5522B4D844000554496 /* Pretendard-Thin.otf in Resources */ = {isa = PBXBuildFile; fileRef = 05D7E5492B4D844000554496 /* Pretendard-Thin.otf */; };
		05D7E5552B4D851C00554496 /* Font+custom.swift in Sources */ = {isa = PBXBuildFile; fileRef = 05D7E5542B4D851C00554496 /* Font+custom.swift */; };
		05DA4E192B5180C800ED1C49 /* Images.xcassets in Resources */ = {isa = PBXBuildFile; fileRef = 05DA4E182B5180C800ED1C49 /* Images.xcassets */; };
		05DA4E1B2B518B7E00ED1C49 /* Color+custom.swift in Sources */ = {isa = PBXBuildFile; fileRef = 05DA4E1A2B518B7E00ED1C49 /* Color+custom.swift */; };
/* End PBXBuildFile section */

/* Begin PBXContainerItemProxy section */
		05A76A1E2A34115E00B231CB /* PBXContainerItemProxy */ = {
			isa = PBXContainerItemProxy;
			containerPortal = 05A76A002A34115D00B231CB /* Project object */;
			proxyType = 1;
			remoteGlobalIDString = 05A76A072A34115D00B231CB;
			remoteInfo = MoneyBook;
		};
		05A76A282A34115E00B231CB /* PBXContainerItemProxy */ = {
			isa = PBXContainerItemProxy;
			containerPortal = 05A76A002A34115D00B231CB /* Project object */;
			proxyType = 1;
			remoteGlobalIDString = 05A76A072A34115D00B231CB;
			remoteInfo = MoneyBook;
		};
		05BA7BF22B2B38D900D159FB /* PBXContainerItemProxy */ = {
			isa = PBXContainerItemProxy;
			containerPortal = 05A76A002A34115D00B231CB /* Project object */;
			proxyType = 1;
			remoteGlobalIDString = 05BA7BE32B2B38D800D159FB;
			remoteInfo = MoneyBookWidgetsExtension;
		};
/* End PBXContainerItemProxy section */

/* Begin PBXCopyFilesBuildPhase section */
		05BA7BF82B2B38D900D159FB /* Embed Foundation Extensions */ = {
			isa = PBXCopyFilesBuildPhase;
			buildActionMask = 2147483647;
			dstPath = "";
			dstSubfolderSpec = 13;
			files = (
				05BA7BF42B2B38D900D159FB /* MoneyBookWidgetsExtension.appex in Embed Foundation Extensions */,
			);
			name = "Embed Foundation Extensions";
			runOnlyForDeploymentPostprocessing = 0;
		};
/* End PBXCopyFilesBuildPhase section */

/* Begin PBXFileReference section */
		051899FF2A3761C500430226 /* TimelineSummaryView.swift */ = {isa = PBXFileReference; lastKnownFileType = sourcecode.swift; path = TimelineSummaryView.swift; sourceTree = "<group>"; };
		0584B3582A40574F004758AE /* TimelineDateView.swift */ = {isa = PBXFileReference; lastKnownFileType = sourcecode.swift; path = TimelineDateView.swift; sourceTree = "<group>"; };
		0584B35B2A40682C004758AE /* Date.swift */ = {isa = PBXFileReference; lastKnownFileType = sourcecode.swift; path = Date.swift; sourceTree = "<group>"; };
		0584B35D2A408B2C004758AE /* TimelineSummaryValueView.swift */ = {isa = PBXFileReference; lastKnownFileType = sourcecode.swift; path = TimelineSummaryValueView.swift; sourceTree = "<group>"; };
		0584B3602A4A468F004758AE /* AppendingItemView.swift */ = {isa = PBXFileReference; lastKnownFileType = sourcecode.swift; path = AppendingItemView.swift; sourceTree = "<group>"; };
		0584B3752A766442004758AE /* ItemCoreEntity+CoreDataClass.swift */ = {isa = PBXFileReference; lastKnownFileType = sourcecode.swift; path = "ItemCoreEntity+CoreDataClass.swift"; sourceTree = "<group>"; };
		0584B3762A766442004758AE /* ItemCoreEntity+CoreDataProperties.swift */ = {isa = PBXFileReference; lastKnownFileType = sourcecode.swift; path = "ItemCoreEntity+CoreDataProperties.swift"; sourceTree = "<group>"; };
		0584B3772A766442004758AE /* GroupCoreEntity+CoreDataClass.swift */ = {isa = PBXFileReference; lastKnownFileType = sourcecode.swift; path = "GroupCoreEntity+CoreDataClass.swift"; sourceTree = "<group>"; };
		0584B3782A766442004758AE /* GroupCoreEntity+CoreDataProperties.swift */ = {isa = PBXFileReference; lastKnownFileType = sourcecode.swift; path = "GroupCoreEntity+CoreDataProperties.swift"; sourceTree = "<group>"; };
		0584B37F2A76647D004758AE /* ItemEntity.swift */ = {isa = PBXFileReference; lastKnownFileType = sourcecode.swift; path = ItemEntity.swift; sourceTree = "<group>"; };
		0584B3812A77F486004758AE /* CategoryCoreEntity+CoreDataClass.swift */ = {isa = PBXFileReference; lastKnownFileType = sourcecode.swift; path = "CategoryCoreEntity+CoreDataClass.swift"; sourceTree = "<group>"; };
		0584B3822A77F486004758AE /* CategoryCoreEntity+CoreDataProperties.swift */ = {isa = PBXFileReference; lastKnownFileType = sourcecode.swift; path = "CategoryCoreEntity+CoreDataProperties.swift"; sourceTree = "<group>"; };
		05A719A72A8521AE00260837 /* ChartView.swift */ = {isa = PBXFileReference; lastKnownFileType = sourcecode.swift; path = ChartView.swift; sourceTree = "<group>"; };
		05A76A082A34115D00B231CB /* MoneyBook.app */ = {isa = PBXFileReference; explicitFileType = wrapper.application; includeInIndex = 0; path = MoneyBook.app; sourceTree = BUILT_PRODUCTS_DIR; };
		05A76A0B2A34115D00B231CB /* MoneyBookApp.swift */ = {isa = PBXFileReference; lastKnownFileType = sourcecode.swift; path = MoneyBookApp.swift; sourceTree = "<group>"; };
		05A76A0D2A34115D00B231CB /* ContentView.swift */ = {isa = PBXFileReference; lastKnownFileType = sourcecode.swift; path = ContentView.swift; sourceTree = "<group>"; };
		05A76A0F2A34115E00B231CB /* Assets.xcassets */ = {isa = PBXFileReference; lastKnownFileType = folder.assetcatalog; path = Assets.xcassets; sourceTree = "<group>"; };
		05A76A122A34115E00B231CB /* Preview Assets.xcassets */ = {isa = PBXFileReference; lastKnownFileType = folder.assetcatalog; path = "Preview Assets.xcassets"; sourceTree = "<group>"; };
		05A76A142A34115E00B231CB /* Persistence.swift */ = {isa = PBXFileReference; lastKnownFileType = sourcecode.swift; path = Persistence.swift; sourceTree = "<group>"; };
		05A76A172A34115E00B231CB /* MoneyBook.xcdatamodel */ = {isa = PBXFileReference; lastKnownFileType = wrapper.xcdatamodel; path = MoneyBook.xcdatamodel; sourceTree = "<group>"; };
		05A76A1D2A34115E00B231CB /* MoneyBookTests.xctest */ = {isa = PBXFileReference; explicitFileType = wrapper.cfbundle; includeInIndex = 0; path = MoneyBookTests.xctest; sourceTree = BUILT_PRODUCTS_DIR; };
		05A76A212A34115E00B231CB /* MoneyBookTests.swift */ = {isa = PBXFileReference; lastKnownFileType = sourcecode.swift; path = MoneyBookTests.swift; sourceTree = "<group>"; };
		05A76A272A34115E00B231CB /* MoneyBookUITests.xctest */ = {isa = PBXFileReference; explicitFileType = wrapper.cfbundle; includeInIndex = 0; path = MoneyBookUITests.xctest; sourceTree = BUILT_PRODUCTS_DIR; };
		05A76A2B2A34115E00B231CB /* MoneyBookUITests.swift */ = {isa = PBXFileReference; lastKnownFileType = sourcecode.swift; path = MoneyBookUITests.swift; sourceTree = "<group>"; };
		05A76A2D2A34115E00B231CB /* MoneyBookUITestsLaunchTests.swift */ = {isa = PBXFileReference; lastKnownFileType = sourcecode.swift; path = MoneyBookUITestsLaunchTests.swift; sourceTree = "<group>"; };
		05A76A3C2A355D4B00B231CB /* TimelineView.swift */ = {isa = PBXFileReference; lastKnownFileType = sourcecode.swift; path = TimelineView.swift; sourceTree = "<group>"; };
		05A76A3F2A355DE100B231CB /* TimelineItemView.swift */ = {isa = PBXFileReference; lastKnownFileType = sourcecode.swift; path = TimelineItemView.swift; sourceTree = "<group>"; };
		05B650092B52624800389A32 /* Colors.xcassets */ = {isa = PBXFileReference; lastKnownFileType = folder.assetcatalog; path = Colors.xcassets; sourceTree = "<group>"; };
		05B6500B2B52673000389A32 /* Double+format.swift */ = {isa = PBXFileReference; lastKnownFileType = sourcecode.swift; path = "Double+format.swift"; sourceTree = "<group>"; };
		05B6500D2B5267FF00389A32 /* Locale.swift */ = {isa = PBXFileReference; lastKnownFileType = sourcecode.swift; path = Locale.swift; sourceTree = "<group>"; };
		05B76D482B25D3DE0048C757 /* MultiSelectView.swift */ = {isa = PBXFileReference; lastKnownFileType = sourcecode.swift; path = MultiSelectView.swift; sourceTree = "<group>"; };
		05BA7BDE2B29DDEE00D159FB /* Localizable.xcstrings */ = {isa = PBXFileReference; lastKnownFileType = text.json.xcstrings; path = Localizable.xcstrings; sourceTree = "<group>"; };
		05BA7BE42B2B38D800D159FB /* MoneyBookWidgetsExtension.appex */ = {isa = PBXFileReference; explicitFileType = "wrapper.app-extension"; includeInIndex = 0; path = MoneyBookWidgetsExtension.appex; sourceTree = BUILT_PRODUCTS_DIR; };
		05BA7BE62B2B38D800D159FB /* WidgetKit.framework */ = {isa = PBXFileReference; lastKnownFileType = wrapper.framework; name = WidgetKit.framework; path = System/Library/Frameworks/WidgetKit.framework; sourceTree = SDKROOT; };
		05BA7BE82B2B38D800D159FB /* SwiftUI.framework */ = {isa = PBXFileReference; lastKnownFileType = wrapper.framework; name = SwiftUI.framework; path = System/Library/Frameworks/SwiftUI.framework; sourceTree = SDKROOT; };
		05BA7BEB2B2B38D800D159FB /* MoneyBookWidgetsBundle.swift */ = {isa = PBXFileReference; lastKnownFileType = sourcecode.swift; path = MoneyBookWidgetsBundle.swift; sourceTree = "<group>"; };
		05BA7BED2B2B38D800D159FB /* MoneyBookWidgets.swift */ = {isa = PBXFileReference; lastKnownFileType = sourcecode.swift; path = MoneyBookWidgets.swift; sourceTree = "<group>"; };
		05BA7BEF2B2B38D900D159FB /* Assets.xcassets */ = {isa = PBXFileReference; lastKnownFileType = folder.assetcatalog; path = Assets.xcassets; sourceTree = "<group>"; };
		05BA7BF12B2B38D900D159FB /* Info.plist */ = {isa = PBXFileReference; lastKnownFileType = text.plist.xml; path = Info.plist; sourceTree = "<group>"; };
		05D7E5412B4D844000554496 /* Pretendard-Black.otf */ = {isa = PBXFileReference; lastKnownFileType = file; path = "Pretendard-Black.otf"; sourceTree = "<group>"; };
		05D7E5422B4D844000554496 /* Pretendard-ExtraBold.otf */ = {isa = PBXFileReference; lastKnownFileType = file; path = "Pretendard-ExtraBold.otf"; sourceTree = "<group>"; };
		05D7E5432B4D844000554496 /* Pretendard-Bold.otf */ = {isa = PBXFileReference; lastKnownFileType = file; path = "Pretendard-Bold.otf"; sourceTree = "<group>"; };
		05D7E5442B4D844000554496 /* Pretendard-Light.otf */ = {isa = PBXFileReference; lastKnownFileType = file; path = "Pretendard-Light.otf"; sourceTree = "<group>"; };
		05D7E5452B4D844000554496 /* Pretendard-Regular.otf */ = {isa = PBXFileReference; lastKnownFileType = file; path = "Pretendard-Regular.otf"; sourceTree = "<group>"; };
		05D7E5462B4D844000554496 /* Pretendard-Medium.otf */ = {isa = PBXFileReference; lastKnownFileType = file; path = "Pretendard-Medium.otf"; sourceTree = "<group>"; };
		05D7E5472B4D844000554496 /* Pretendard-ExtraLight.otf */ = {isa = PBXFileReference; lastKnownFileType = file; path = "Pretendard-ExtraLight.otf"; sourceTree = "<group>"; };
		05D7E5482B4D844000554496 /* Pretendard-SemiBold.otf */ = {isa = PBXFileReference; lastKnownFileType = file; path = "Pretendard-SemiBold.otf"; sourceTree = "<group>"; };
		05D7E5492B4D844000554496 /* Pretendard-Thin.otf */ = {isa = PBXFileReference; lastKnownFileType = file; path = "Pretendard-Thin.otf"; sourceTree = "<group>"; };
		05D7E5542B4D851C00554496 /* Font+custom.swift */ = {isa = PBXFileReference; lastKnownFileType = sourcecode.swift; path = "Font+custom.swift"; sourceTree = "<group>"; };
		05DA4E182B5180C800ED1C49 /* Images.xcassets */ = {isa = PBXFileReference; lastKnownFileType = folder.assetcatalog; path = Images.xcassets; sourceTree = "<group>"; };
		05DA4E1A2B518B7E00ED1C49 /* Color+custom.swift */ = {isa = PBXFileReference; lastKnownFileType = sourcecode.swift; path = "Color+custom.swift"; sourceTree = "<group>"; };
/* End PBXFileReference section */

/* Begin PBXFrameworksBuildPhase section */
		05A76A052A34115D00B231CB /* Frameworks */ = {
			isa = PBXFrameworksBuildPhase;
			buildActionMask = 2147483647;
			files = (
			);
			runOnlyForDeploymentPostprocessing = 0;
		};
		05A76A1A2A34115E00B231CB /* Frameworks */ = {
			isa = PBXFrameworksBuildPhase;
			buildActionMask = 2147483647;
			files = (
			);
			runOnlyForDeploymentPostprocessing = 0;
		};
		05A76A242A34115E00B231CB /* Frameworks */ = {
			isa = PBXFrameworksBuildPhase;
			buildActionMask = 2147483647;
			files = (
			);
			runOnlyForDeploymentPostprocessing = 0;
		};
		05BA7BE12B2B38D800D159FB /* Frameworks */ = {
			isa = PBXFrameworksBuildPhase;
			buildActionMask = 2147483647;
			files = (
				05BA7BE92B2B38D800D159FB /* SwiftUI.framework in Frameworks */,
				05BA7BE72B2B38D800D159FB /* WidgetKit.framework in Frameworks */,
			);
			runOnlyForDeploymentPostprocessing = 0;
		};
/* End PBXFrameworksBuildPhase section */

/* Begin PBXGroup section */
		05189A092A38966100430226 /* Model */ = {
			isa = PBXGroup;
			children = (
				0584B37E2A766474004758AE /* Entity */,
				0584B37D2A766466004758AE /* CoreEntity */,
			);
			path = Model;
			sourceTree = "<group>";
		};
		0584B35A2A406822004758AE /* Extension */ = {
			isa = PBXGroup;
			children = (
				0584B35B2A40682C004758AE /* Date.swift */,
				05D7E5542B4D851C00554496 /* Font+custom.swift */,
				05DA4E1A2B518B7E00ED1C49 /* Color+custom.swift */,
				05B6500B2B52673000389A32 /* Double+format.swift */,
				05B6500D2B5267FF00389A32 /* Locale.swift */,
			);
			path = Extension;
			sourceTree = "<group>";
		};
		0584B35F2A4A4666004758AE /* AppendingItem */ = {
			isa = PBXGroup;
			children = (
				0584B3602A4A468F004758AE /* AppendingItemView.swift */,
			);
			path = AppendingItem;
			sourceTree = "<group>";
		};
		0584B37D2A766466004758AE /* CoreEntity */ = {
			isa = PBXGroup;
			children = (
				0584B3872A77F49C004758AE /* Category */,
				0584B3862A77F495004758AE /* Group */,
				0584B3852A77F48F004758AE /* Item */,
			);
			path = CoreEntity;
			sourceTree = "<group>";
		};
		0584B37E2A766474004758AE /* Entity */ = {
			isa = PBXGroup;
			children = (
				0584B37F2A76647D004758AE /* ItemEntity.swift */,
			);
			path = Entity;
			sourceTree = "<group>";
		};
		0584B3852A77F48F004758AE /* Item */ = {
			isa = PBXGroup;
			children = (
				0584B3752A766442004758AE /* ItemCoreEntity+CoreDataClass.swift */,
				0584B3762A766442004758AE /* ItemCoreEntity+CoreDataProperties.swift */,
			);
			path = Item;
			sourceTree = "<group>";
		};
		0584B3862A77F495004758AE /* Group */ = {
			isa = PBXGroup;
			children = (
				0584B3772A766442004758AE /* GroupCoreEntity+CoreDataClass.swift */,
				0584B3782A766442004758AE /* GroupCoreEntity+CoreDataProperties.swift */,
			);
			path = Group;
			sourceTree = "<group>";
		};
		0584B3872A77F49C004758AE /* Category */ = {
			isa = PBXGroup;
			children = (
				0584B3812A77F486004758AE /* CategoryCoreEntity+CoreDataClass.swift */,
				0584B3822A77F486004758AE /* CategoryCoreEntity+CoreDataProperties.swift */,
			);
			path = Category;
			sourceTree = "<group>";
		};
		05A719A62A85219D00260837 /* Chart */ = {
			isa = PBXGroup;
			children = (
				05A719A72A8521AE00260837 /* ChartView.swift */,
				05B76D482B25D3DE0048C757 /* MultiSelectView.swift */,
			);
			path = Chart;
			sourceTree = "<group>";
		};
		05A769FF2A34115D00B231CB = {
			isa = PBXGroup;
			children = (
				05A76A0A2A34115D00B231CB /* MoneyBook */,
				05A76A202A34115E00B231CB /* MoneyBookTests */,
				05A76A2A2A34115E00B231CB /* MoneyBookUITests */,
				05BA7BEA2B2B38D800D159FB /* MoneyBookWidgets */,
				05BA7BE52B2B38D800D159FB /* Frameworks */,
				05A76A092A34115D00B231CB /* Products */,
			);
			sourceTree = "<group>";
		};
		05A76A092A34115D00B231CB /* Products */ = {
			isa = PBXGroup;
			children = (
				05A76A082A34115D00B231CB /* MoneyBook.app */,
				05A76A1D2A34115E00B231CB /* MoneyBookTests.xctest */,
				05A76A272A34115E00B231CB /* MoneyBookUITests.xctest */,
				05BA7BE42B2B38D800D159FB /* MoneyBookWidgetsExtension.appex */,
			);
			name = Products;
			sourceTree = "<group>";
		};
		05A76A0A2A34115D00B231CB /* MoneyBook */ = {
			isa = PBXGroup;
			children = (
				05BA7BDD2B29DDCE00D159FB /* Resource */,
				05A719A62A85219D00260837 /* Chart */,
				0584B35F2A4A4666004758AE /* AppendingItem */,
				0584B35A2A406822004758AE /* Extension */,
				05189A092A38966100430226 /* Model */,
				05A76A3A2A355D2E00B231CB /* Timeline */,
				05A76A0B2A34115D00B231CB /* MoneyBookApp.swift */,
				05A76A0D2A34115D00B231CB /* ContentView.swift */,
				05A76A142A34115E00B231CB /* Persistence.swift */,
				05A76A112A34115E00B231CB /* Preview Content */,
			);
			path = MoneyBook;
			sourceTree = "<group>";
		};
		05A76A112A34115E00B231CB /* Preview Content */ = {
			isa = PBXGroup;
			children = (
				05A76A122A34115E00B231CB /* Preview Assets.xcassets */,
			);
			path = "Preview Content";
			sourceTree = "<group>";
		};
		05A76A202A34115E00B231CB /* MoneyBookTests */ = {
			isa = PBXGroup;
			children = (
				05A76A212A34115E00B231CB /* MoneyBookTests.swift */,
			);
			path = MoneyBookTests;
			sourceTree = "<group>";
		};
		05A76A2A2A34115E00B231CB /* MoneyBookUITests */ = {
			isa = PBXGroup;
			children = (
				05A76A2B2A34115E00B231CB /* MoneyBookUITests.swift */,
				05A76A2D2A34115E00B231CB /* MoneyBookUITestsLaunchTests.swift */,
			);
			path = MoneyBookUITests;
			sourceTree = "<group>";
		};
		05A76A3A2A355D2E00B231CB /* Timeline */ = {
			isa = PBXGroup;
			children = (
				05A76A3B2A355D3800B231CB /* SubViews */,
				05A76A3C2A355D4B00B231CB /* TimelineView.swift */,
			);
			path = Timeline;
			sourceTree = "<group>";
		};
		05A76A3B2A355D3800B231CB /* SubViews */ = {
			isa = PBXGroup;
			children = (
				05A76A3F2A355DE100B231CB /* TimelineItemView.swift */,
				051899FF2A3761C500430226 /* TimelineSummaryView.swift */,
				0584B35D2A408B2C004758AE /* TimelineSummaryValueView.swift */,
				0584B3582A40574F004758AE /* TimelineDateView.swift */,
			);
			path = SubViews;
			sourceTree = "<group>";
		};
		05BA7BDD2B29DDCE00D159FB /* Resource */ = {
			isa = PBXGroup;
			children = (
				05D7E5402B4D842700554496 /* Fonts */,
				05A76A0F2A34115E00B231CB /* Assets.xcassets */,
				05A76A162A34115E00B231CB /* MoneyBook.xcdatamodeld */,
				05BA7BDE2B29DDEE00D159FB /* Localizable.xcstrings */,
				05B650092B52624800389A32 /* Colors.xcassets */,
			);
			path = Resource;
			sourceTree = "<group>";
		};
		05BA7BE52B2B38D800D159FB /* Frameworks */ = {
			isa = PBXGroup;
			children = (
				05BA7BE62B2B38D800D159FB /* WidgetKit.framework */,
				05BA7BE82B2B38D800D159FB /* SwiftUI.framework */,
			);
			name = Frameworks;
			sourceTree = "<group>";
		};
		05BA7BEA2B2B38D800D159FB /* MoneyBookWidgets */ = {
			isa = PBXGroup;
			children = (
				05BA7BEB2B2B38D800D159FB /* MoneyBookWidgetsBundle.swift */,
				05BA7BED2B2B38D800D159FB /* MoneyBookWidgets.swift */,
				05BA7BEF2B2B38D900D159FB /* Assets.xcassets */,
				05BA7BF12B2B38D900D159FB /* Info.plist */,
			);
			path = MoneyBookWidgets;
			sourceTree = "<group>";
		};
		05D7E5402B4D842700554496 /* Fonts */ = {
			isa = PBXGroup;
			children = (
				05D7E5412B4D844000554496 /* Pretendard-Black.otf */,
				05D7E5432B4D844000554496 /* Pretendard-Bold.otf */,
				05D7E5422B4D844000554496 /* Pretendard-ExtraBold.otf */,
				05D7E5472B4D844000554496 /* Pretendard-ExtraLight.otf */,
				05D7E5442B4D844000554496 /* Pretendard-Light.otf */,
				05D7E5462B4D844000554496 /* Pretendard-Medium.otf */,
				05D7E5452B4D844000554496 /* Pretendard-Regular.otf */,
				05D7E5482B4D844000554496 /* Pretendard-SemiBold.otf */,
				05D7E5492B4D844000554496 /* Pretendard-Thin.otf */,
				05DA4E182B5180C800ED1C49 /* Images.xcassets */,
			);
			path = Fonts;
			sourceTree = "<group>";
		};
/* End PBXGroup section */

/* Begin PBXNativeTarget section */
		05A76A072A34115D00B231CB /* MoneyBook */ = {
			isa = PBXNativeTarget;
			buildConfigurationList = 05A76A312A34115E00B231CB /* Build configuration list for PBXNativeTarget "MoneyBook" */;
			buildPhases = (
				05A76A042A34115D00B231CB /* Sources */,
				05A76A052A34115D00B231CB /* Frameworks */,
				05A76A062A34115D00B231CB /* Resources */,
				05BA7BF82B2B38D900D159FB /* Embed Foundation Extensions */,
			);
			buildRules = (
			);
			dependencies = (
				05BA7BF32B2B38D900D159FB /* PBXTargetDependency */,
			);
			name = MoneyBook;
			productName = MoneyBook;
			productReference = 05A76A082A34115D00B231CB /* MoneyBook.app */;
			productType = "com.apple.product-type.application";
		};
		05A76A1C2A34115E00B231CB /* MoneyBookTests */ = {
			isa = PBXNativeTarget;
			buildConfigurationList = 05A76A342A34115E00B231CB /* Build configuration list for PBXNativeTarget "MoneyBookTests" */;
			buildPhases = (
				05A76A192A34115E00B231CB /* Sources */,
				05A76A1A2A34115E00B231CB /* Frameworks */,
				05A76A1B2A34115E00B231CB /* Resources */,
			);
			buildRules = (
			);
			dependencies = (
				05A76A1F2A34115E00B231CB /* PBXTargetDependency */,
			);
			name = MoneyBookTests;
			productName = MoneyBookTests;
			productReference = 05A76A1D2A34115E00B231CB /* MoneyBookTests.xctest */;
			productType = "com.apple.product-type.bundle.unit-test";
		};
		05A76A262A34115E00B231CB /* MoneyBookUITests */ = {
			isa = PBXNativeTarget;
			buildConfigurationList = 05A76A372A34115E00B231CB /* Build configuration list for PBXNativeTarget "MoneyBookUITests" */;
			buildPhases = (
				05A76A232A34115E00B231CB /* Sources */,
				05A76A242A34115E00B231CB /* Frameworks */,
				05A76A252A34115E00B231CB /* Resources */,
			);
			buildRules = (
			);
			dependencies = (
				05A76A292A34115E00B231CB /* PBXTargetDependency */,
			);
			name = MoneyBookUITests;
			productName = MoneyBookUITests;
			productReference = 05A76A272A34115E00B231CB /* MoneyBookUITests.xctest */;
			productType = "com.apple.product-type.bundle.ui-testing";
		};
		05BA7BE32B2B38D800D159FB /* MoneyBookWidgetsExtension */ = {
			isa = PBXNativeTarget;
			buildConfigurationList = 05BA7BF52B2B38D900D159FB /* Build configuration list for PBXNativeTarget "MoneyBookWidgetsExtension" */;
			buildPhases = (
				05BA7BE02B2B38D800D159FB /* Sources */,
				05BA7BE12B2B38D800D159FB /* Frameworks */,
				05BA7BE22B2B38D800D159FB /* Resources */,
			);
			buildRules = (
			);
			dependencies = (
			);
			name = MoneyBookWidgetsExtension;
			productName = MoneyBookWidgetsExtension;
			productReference = 05BA7BE42B2B38D800D159FB /* MoneyBookWidgetsExtension.appex */;
			productType = "com.apple.product-type.app-extension";
		};
/* End PBXNativeTarget section */

/* Begin PBXProject section */
		05A76A002A34115D00B231CB /* Project object */ = {
			isa = PBXProject;
			attributes = {
				BuildIndependentTargetsInParallel = 1;
				LastSwiftUpdateCheck = 1510;
				LastUpgradeCheck = 1430;
				TargetAttributes = {
					05A76A072A34115D00B231CB = {
						CreatedOnToolsVersion = 14.3;
					};
					05A76A1C2A34115E00B231CB = {
						CreatedOnToolsVersion = 14.3;
						TestTargetID = 05A76A072A34115D00B231CB;
					};
					05A76A262A34115E00B231CB = {
						CreatedOnToolsVersion = 14.3;
						TestTargetID = 05A76A072A34115D00B231CB;
					};
					05BA7BE32B2B38D800D159FB = {
						CreatedOnToolsVersion = 15.1;
					};
				};
			};
			buildConfigurationList = 05A76A032A34115D00B231CB /* Build configuration list for PBXProject "MoneyBook" */;
			compatibilityVersion = "Xcode 14.0";
			developmentRegion = en;
			hasScannedForEncodings = 0;
			knownRegions = (
				en,
				Base,
				ko,
			);
			mainGroup = 05A769FF2A34115D00B231CB;
			productRefGroup = 05A76A092A34115D00B231CB /* Products */;
			projectDirPath = "";
			projectRoot = "";
			targets = (
				05A76A072A34115D00B231CB /* MoneyBook */,
				05A76A1C2A34115E00B231CB /* MoneyBookTests */,
				05A76A262A34115E00B231CB /* MoneyBookUITests */,
				05BA7BE32B2B38D800D159FB /* MoneyBookWidgetsExtension */,
			);
		};
/* End PBXProject section */

/* Begin PBXResourcesBuildPhase section */
		05A76A062A34115D00B231CB /* Resources */ = {
			isa = PBXResourcesBuildPhase;
			buildActionMask = 2147483647;
			files = (
				05D7E5512B4D844000554496 /* Pretendard-SemiBold.otf in Resources */,
				05A76A132A34115E00B231CB /* Preview Assets.xcassets in Resources */,
				05D7E54C2B4D844000554496 /* Pretendard-Bold.otf in Resources */,
				05DA4E192B5180C800ED1C49 /* Images.xcassets in Resources */,
				05D7E5522B4D844000554496 /* Pretendard-Thin.otf in Resources */,
				05D7E5502B4D844000554496 /* Pretendard-ExtraLight.otf in Resources */,
				05A76A102A34115E00B231CB /* Assets.xcassets in Resources */,
				05D7E54B2B4D844000554496 /* Pretendard-ExtraBold.otf in Resources */,
				05D7E54D2B4D844000554496 /* Pretendard-Light.otf in Resources */,
				05D7E54E2B4D844000554496 /* Pretendard-Regular.otf in Resources */,
				05D7E54A2B4D844000554496 /* Pretendard-Black.otf in Resources */,
				05BA7BDF2B29DDEE00D159FB /* Localizable.xcstrings in Resources */,
				05D7E54F2B4D844000554496 /* Pretendard-Medium.otf in Resources */,
				05B6500A2B52624800389A32 /* Colors.xcassets in Resources */,
			);
			runOnlyForDeploymentPostprocessing = 0;
		};
		05A76A1B2A34115E00B231CB /* Resources */ = {
			isa = PBXResourcesBuildPhase;
			buildActionMask = 2147483647;
			files = (
			);
			runOnlyForDeploymentPostprocessing = 0;
		};
		05A76A252A34115E00B231CB /* Resources */ = {
			isa = PBXResourcesBuildPhase;
			buildActionMask = 2147483647;
			files = (
			);
			runOnlyForDeploymentPostprocessing = 0;
		};
		05BA7BE22B2B38D800D159FB /* Resources */ = {
			isa = PBXResourcesBuildPhase;
			buildActionMask = 2147483647;
			files = (
				05BA7BF02B2B38D900D159FB /* Assets.xcassets in Resources */,
			);
			runOnlyForDeploymentPostprocessing = 0;
		};
/* End PBXResourcesBuildPhase section */

/* Begin PBXSourcesBuildPhase section */
		05A76A042A34115D00B231CB /* Sources */ = {
			isa = PBXSourcesBuildPhase;
			buildActionMask = 2147483647;
			files = (
				05A76A152A34115E00B231CB /* Persistence.swift in Sources */,
				0584B3612A4A468F004758AE /* AppendingItemView.swift in Sources */,
				05B76D492B25D3DE0048C757 /* MultiSelectView.swift in Sources */,
				0584B37B2A766442004758AE /* GroupCoreEntity+CoreDataClass.swift in Sources */,
				0584B3842A77F486004758AE /* CategoryCoreEntity+CoreDataProperties.swift in Sources */,
				05A76A3D2A355D4B00B231CB /* TimelineView.swift in Sources */,
				0584B3592A40574F004758AE /* TimelineDateView.swift in Sources */,
				0584B35E2A408B2C004758AE /* TimelineSummaryValueView.swift in Sources */,
				05189A002A3761C500430226 /* TimelineSummaryView.swift in Sources */,
				0584B3802A76647D004758AE /* ItemEntity.swift in Sources */,
				0584B37A2A766442004758AE /* ItemCoreEntity+CoreDataProperties.swift in Sources */,
				05A719A82A8521AE00260837 /* ChartView.swift in Sources */,
				05A76A402A355DE100B231CB /* TimelineItemView.swift in Sources */,
				05A76A182A34115E00B231CB /* MoneyBook.xcdatamodeld in Sources */,
				0584B37C2A766442004758AE /* GroupCoreEntity+CoreDataProperties.swift in Sources */,
				05A76A0E2A34115D00B231CB /* ContentView.swift in Sources */,
				05D7E5552B4D851C00554496 /* Font+custom.swift in Sources */,
				0584B35C2A40682C004758AE /* Date.swift in Sources */,
				05DA4E1B2B518B7E00ED1C49 /* Color+custom.swift in Sources */,
				0584B3792A766442004758AE /* ItemCoreEntity+CoreDataClass.swift in Sources */,
				05A76A0C2A34115D00B231CB /* MoneyBookApp.swift in Sources */,
				0584B3832A77F486004758AE /* CategoryCoreEntity+CoreDataClass.swift in Sources */,
				05B6500C2B52673000389A32 /* Double+format.swift in Sources */,
				05B6500E2B5267FF00389A32 /* Locale.swift in Sources */,
			);
			runOnlyForDeploymentPostprocessing = 0;
		};
		05A76A192A34115E00B231CB /* Sources */ = {
			isa = PBXSourcesBuildPhase;
			buildActionMask = 2147483647;
			files = (
				05A76A222A34115E00B231CB /* MoneyBookTests.swift in Sources */,
			);
			runOnlyForDeploymentPostprocessing = 0;
		};
		05A76A232A34115E00B231CB /* Sources */ = {
			isa = PBXSourcesBuildPhase;
			buildActionMask = 2147483647;
			files = (
				05A76A2E2A34115E00B231CB /* MoneyBookUITestsLaunchTests.swift in Sources */,
				05A76A2C2A34115E00B231CB /* MoneyBookUITests.swift in Sources */,
			);
			runOnlyForDeploymentPostprocessing = 0;
		};
		05BA7BE02B2B38D800D159FB /* Sources */ = {
			isa = PBXSourcesBuildPhase;
			buildActionMask = 2147483647;
			files = (
				05BA7BEC2B2B38D800D159FB /* MoneyBookWidgetsBundle.swift in Sources */,
				05BA7BEE2B2B38D800D159FB /* MoneyBookWidgets.swift in Sources */,
			);
			runOnlyForDeploymentPostprocessing = 0;
		};
/* End PBXSourcesBuildPhase section */

/* Begin PBXTargetDependency section */
		05A76A1F2A34115E00B231CB /* PBXTargetDependency */ = {
			isa = PBXTargetDependency;
			target = 05A76A072A34115D00B231CB /* MoneyBook */;
			targetProxy = 05A76A1E2A34115E00B231CB /* PBXContainerItemProxy */;
		};
		05A76A292A34115E00B231CB /* PBXTargetDependency */ = {
			isa = PBXTargetDependency;
			target = 05A76A072A34115D00B231CB /* MoneyBook */;
			targetProxy = 05A76A282A34115E00B231CB /* PBXContainerItemProxy */;
		};
		05BA7BF32B2B38D900D159FB /* PBXTargetDependency */ = {
			isa = PBXTargetDependency;
			target = 05BA7BE32B2B38D800D159FB /* MoneyBookWidgetsExtension */;
			targetProxy = 05BA7BF22B2B38D900D159FB /* PBXContainerItemProxy */;
		};
/* End PBXTargetDependency section */

/* Begin XCBuildConfiguration section */
		05A76A2F2A34115E00B231CB /* Debug */ = {
			isa = XCBuildConfiguration;
			buildSettings = {
				ALWAYS_SEARCH_USER_PATHS = NO;
				CLANG_ANALYZER_NONNULL = YES;
				CLANG_ANALYZER_NUMBER_OBJECT_CONVERSION = YES_AGGRESSIVE;
				CLANG_CXX_LANGUAGE_STANDARD = "gnu++20";
				CLANG_ENABLE_MODULES = YES;
				CLANG_ENABLE_OBJC_ARC = YES;
				CLANG_ENABLE_OBJC_WEAK = YES;
				CLANG_WARN_BLOCK_CAPTURE_AUTORELEASING = YES;
				CLANG_WARN_BOOL_CONVERSION = YES;
				CLANG_WARN_COMMA = YES;
				CLANG_WARN_CONSTANT_CONVERSION = YES;
				CLANG_WARN_DEPRECATED_OBJC_IMPLEMENTATIONS = YES;
				CLANG_WARN_DIRECT_OBJC_ISA_USAGE = YES_ERROR;
				CLANG_WARN_DOCUMENTATION_COMMENTS = YES;
				CLANG_WARN_EMPTY_BODY = YES;
				CLANG_WARN_ENUM_CONVERSION = YES;
				CLANG_WARN_INFINITE_RECURSION = YES;
				CLANG_WARN_INT_CONVERSION = YES;
				CLANG_WARN_NON_LITERAL_NULL_CONVERSION = YES;
				CLANG_WARN_OBJC_IMPLICIT_RETAIN_SELF = YES;
				CLANG_WARN_OBJC_LITERAL_CONVERSION = YES;
				CLANG_WARN_OBJC_ROOT_CLASS = YES_ERROR;
				CLANG_WARN_QUOTED_INCLUDE_IN_FRAMEWORK_HEADER = YES;
				CLANG_WARN_RANGE_LOOP_ANALYSIS = YES;
				CLANG_WARN_STRICT_PROTOTYPES = YES;
				CLANG_WARN_SUSPICIOUS_MOVE = YES;
				CLANG_WARN_UNGUARDED_AVAILABILITY = YES_AGGRESSIVE;
				CLANG_WARN_UNREACHABLE_CODE = YES;
				CLANG_WARN__DUPLICATE_METHOD_MATCH = YES;
				COPY_PHASE_STRIP = NO;
				DEBUG_INFORMATION_FORMAT = dwarf;
				ENABLE_STRICT_OBJC_MSGSEND = YES;
				ENABLE_TESTABILITY = YES;
				GCC_C_LANGUAGE_STANDARD = gnu11;
				GCC_DYNAMIC_NO_PIC = NO;
				GCC_NO_COMMON_BLOCKS = YES;
				GCC_OPTIMIZATION_LEVEL = 0;
				GCC_PREPROCESSOR_DEFINITIONS = (
					"DEBUG=1",
					"$(inherited)",
				);
				GCC_WARN_64_TO_32_BIT_CONVERSION = YES;
				GCC_WARN_ABOUT_RETURN_TYPE = YES_ERROR;
				GCC_WARN_UNDECLARED_SELECTOR = YES;
				GCC_WARN_UNINITIALIZED_AUTOS = YES_AGGRESSIVE;
				GCC_WARN_UNUSED_FUNCTION = YES;
				GCC_WARN_UNUSED_VARIABLE = YES;
				IPHONEOS_DEPLOYMENT_TARGET = 17.0;
				MTL_ENABLE_DEBUG_INFO = INCLUDE_SOURCE;
				MTL_FAST_MATH = YES;
				ONLY_ACTIVE_ARCH = YES;
				SDKROOT = iphoneos;
				SWIFT_ACTIVE_COMPILATION_CONDITIONS = DEBUG;
				SWIFT_OPTIMIZATION_LEVEL = "-Onone";
			};
			name = Debug;
		};
		05A76A302A34115E00B231CB /* Release */ = {
			isa = XCBuildConfiguration;
			buildSettings = {
				ALWAYS_SEARCH_USER_PATHS = NO;
				CLANG_ANALYZER_NONNULL = YES;
				CLANG_ANALYZER_NUMBER_OBJECT_CONVERSION = YES_AGGRESSIVE;
				CLANG_CXX_LANGUAGE_STANDARD = "gnu++20";
				CLANG_ENABLE_MODULES = YES;
				CLANG_ENABLE_OBJC_ARC = YES;
				CLANG_ENABLE_OBJC_WEAK = YES;
				CLANG_WARN_BLOCK_CAPTURE_AUTORELEASING = YES;
				CLANG_WARN_BOOL_CONVERSION = YES;
				CLANG_WARN_COMMA = YES;
				CLANG_WARN_CONSTANT_CONVERSION = YES;
				CLANG_WARN_DEPRECATED_OBJC_IMPLEMENTATIONS = YES;
				CLANG_WARN_DIRECT_OBJC_ISA_USAGE = YES_ERROR;
				CLANG_WARN_DOCUMENTATION_COMMENTS = YES;
				CLANG_WARN_EMPTY_BODY = YES;
				CLANG_WARN_ENUM_CONVERSION = YES;
				CLANG_WARN_INFINITE_RECURSION = YES;
				CLANG_WARN_INT_CONVERSION = YES;
				CLANG_WARN_NON_LITERAL_NULL_CONVERSION = YES;
				CLANG_WARN_OBJC_IMPLICIT_RETAIN_SELF = YES;
				CLANG_WARN_OBJC_LITERAL_CONVERSION = YES;
				CLANG_WARN_OBJC_ROOT_CLASS = YES_ERROR;
				CLANG_WARN_QUOTED_INCLUDE_IN_FRAMEWORK_HEADER = YES;
				CLANG_WARN_RANGE_LOOP_ANALYSIS = YES;
				CLANG_WARN_STRICT_PROTOTYPES = YES;
				CLANG_WARN_SUSPICIOUS_MOVE = YES;
				CLANG_WARN_UNGUARDED_AVAILABILITY = YES_AGGRESSIVE;
				CLANG_WARN_UNREACHABLE_CODE = YES;
				CLANG_WARN__DUPLICATE_METHOD_MATCH = YES;
				COPY_PHASE_STRIP = NO;
				DEBUG_INFORMATION_FORMAT = "dwarf-with-dsym";
				ENABLE_NS_ASSERTIONS = NO;
				ENABLE_STRICT_OBJC_MSGSEND = YES;
				GCC_C_LANGUAGE_STANDARD = gnu11;
				GCC_NO_COMMON_BLOCKS = YES;
				GCC_WARN_64_TO_32_BIT_CONVERSION = YES;
				GCC_WARN_ABOUT_RETURN_TYPE = YES_ERROR;
				GCC_WARN_UNDECLARED_SELECTOR = YES;
				GCC_WARN_UNINITIALIZED_AUTOS = YES_AGGRESSIVE;
				GCC_WARN_UNUSED_FUNCTION = YES;
				GCC_WARN_UNUSED_VARIABLE = YES;
				IPHONEOS_DEPLOYMENT_TARGET = 17.0;
				MTL_ENABLE_DEBUG_INFO = NO;
				MTL_FAST_MATH = YES;
				SDKROOT = iphoneos;
				SWIFT_COMPILATION_MODE = wholemodule;
				SWIFT_OPTIMIZATION_LEVEL = "-O";
				VALIDATE_PRODUCT = YES;
			};
			name = Release;
		};
		05A76A322A34115E00B231CB /* Debug */ = {
			isa = XCBuildConfiguration;
			buildSettings = {
				ALWAYS_EMBED_SWIFT_STANDARD_LIBRARIES = YES;
				ASSETCATALOG_COMPILER_APPICON_NAME = AppIcon;
				ASSETCATALOG_COMPILER_GLOBAL_ACCENT_COLOR_NAME = AccentColor;
				CODE_SIGN_STYLE = Automatic;
				CURRENT_PROJECT_VERSION = 1;
				DEVELOPMENT_ASSET_PATHS = "\"MoneyBook/Preview Content\"";
				DEVELOPMENT_TEAM = BG5DA8S34C;
				ENABLE_PREVIEWS = YES;
				GENERATE_INFOPLIST_FILE = YES;
				INFOPLIST_KEY_UIApplicationSceneManifest_Generation = YES;
				INFOPLIST_KEY_UIApplicationSupportsIndirectInputEvents = YES;
				INFOPLIST_KEY_UILaunchScreen_Generation = YES;
				INFOPLIST_KEY_UISupportedInterfaceOrientations_iPad = "UIInterfaceOrientationPortrait UIInterfaceOrientationPortraitUpsideDown UIInterfaceOrientationLandscapeLeft UIInterfaceOrientationLandscapeRight";
				INFOPLIST_KEY_UISupportedInterfaceOrientations_iPhone = "UIInterfaceOrientationPortrait UIInterfaceOrientationLandscapeLeft UIInterfaceOrientationLandscapeRight";
				LD_RUNPATH_SEARCH_PATHS = (
					"$(inherited)",
					"@executable_path/Frameworks",
				);
				MARKETING_VERSION = 1.0;
				PRODUCT_BUNDLE_IDENTIFIER = hoju.MoneyBook;
				PRODUCT_NAME = "$(TARGET_NAME)";
				SWIFT_EMIT_LOC_STRINGS = YES;
				SWIFT_VERSION = 5.0;
				TARGETED_DEVICE_FAMILY = "1,2";
			};
			name = Debug;
		};
		05A76A332A34115E00B231CB /* Release */ = {
			isa = XCBuildConfiguration;
			buildSettings = {
				ALWAYS_EMBED_SWIFT_STANDARD_LIBRARIES = YES;
				ASSETCATALOG_COMPILER_APPICON_NAME = AppIcon;
				ASSETCATALOG_COMPILER_GLOBAL_ACCENT_COLOR_NAME = AccentColor;
				CODE_SIGN_STYLE = Automatic;
				CURRENT_PROJECT_VERSION = 1;
				DEVELOPMENT_ASSET_PATHS = "\"MoneyBook/Preview Content\"";
				DEVELOPMENT_TEAM = BG5DA8S34C;
				ENABLE_PREVIEWS = YES;
				GENERATE_INFOPLIST_FILE = YES;
				INFOPLIST_KEY_UIApplicationSceneManifest_Generation = YES;
				INFOPLIST_KEY_UIApplicationSupportsIndirectInputEvents = YES;
				INFOPLIST_KEY_UILaunchScreen_Generation = YES;
				INFOPLIST_KEY_UISupportedInterfaceOrientations_iPad = "UIInterfaceOrientationPortrait UIInterfaceOrientationPortraitUpsideDown UIInterfaceOrientationLandscapeLeft UIInterfaceOrientationLandscapeRight";
				INFOPLIST_KEY_UISupportedInterfaceOrientations_iPhone = "UIInterfaceOrientationPortrait UIInterfaceOrientationLandscapeLeft UIInterfaceOrientationLandscapeRight";
				LD_RUNPATH_SEARCH_PATHS = (
					"$(inherited)",
					"@executable_path/Frameworks",
				);
				MARKETING_VERSION = 1.0;
				PRODUCT_BUNDLE_IDENTIFIER = hoju.MoneyBook;
				PRODUCT_NAME = "$(TARGET_NAME)";
				SWIFT_EMIT_LOC_STRINGS = YES;
				SWIFT_VERSION = 5.0;
				TARGETED_DEVICE_FAMILY = "1,2";
			};
			name = Release;
		};
		05A76A352A34115E00B231CB /* Debug */ = {
			isa = XCBuildConfiguration;
			buildSettings = {
				ALWAYS_EMBED_SWIFT_STANDARD_LIBRARIES = YES;
				BUNDLE_LOADER = "$(TEST_HOST)";
				CODE_SIGN_STYLE = Automatic;
				CURRENT_PROJECT_VERSION = 1;
				DEVELOPMENT_TEAM = BG5DA8S34C;
				GENERATE_INFOPLIST_FILE = YES;
				IPHONEOS_DEPLOYMENT_TARGET = 17.0;
				MARKETING_VERSION = 1.0;
				PRODUCT_BUNDLE_IDENTIFIER = hoju.MoneyBookTests;
				PRODUCT_NAME = "$(TARGET_NAME)";
				SWIFT_EMIT_LOC_STRINGS = NO;
				SWIFT_VERSION = 5.0;
				TARGETED_DEVICE_FAMILY = "1,2";
				TEST_HOST = "$(BUILT_PRODUCTS_DIR)/MoneyBook.app/$(BUNDLE_EXECUTABLE_FOLDER_PATH)/MoneyBook";
			};
			name = Debug;
		};
		05A76A362A34115E00B231CB /* Release */ = {
			isa = XCBuildConfiguration;
			buildSettings = {
				ALWAYS_EMBED_SWIFT_STANDARD_LIBRARIES = YES;
				BUNDLE_LOADER = "$(TEST_HOST)";
				CODE_SIGN_STYLE = Automatic;
				CURRENT_PROJECT_VERSION = 1;
				DEVELOPMENT_TEAM = BG5DA8S34C;
				GENERATE_INFOPLIST_FILE = YES;
				IPHONEOS_DEPLOYMENT_TARGET = 17.0;
				MARKETING_VERSION = 1.0;
				PRODUCT_BUNDLE_IDENTIFIER = hoju.MoneyBookTests;
				PRODUCT_NAME = "$(TARGET_NAME)";
				SWIFT_EMIT_LOC_STRINGS = NO;
				SWIFT_VERSION = 5.0;
				TARGETED_DEVICE_FAMILY = "1,2";
				TEST_HOST = "$(BUILT_PRODUCTS_DIR)/MoneyBook.app/$(BUNDLE_EXECUTABLE_FOLDER_PATH)/MoneyBook";
			};
			name = Release;
		};
		05A76A382A34115E00B231CB /* Debug */ = {
			isa = XCBuildConfiguration;
			buildSettings = {
				ALWAYS_EMBED_SWIFT_STANDARD_LIBRARIES = YES;
				CODE_SIGN_STYLE = Automatic;
				CURRENT_PROJECT_VERSION = 1;
				DEVELOPMENT_TEAM = BG5DA8S34C;
				GENERATE_INFOPLIST_FILE = YES;
				MARKETING_VERSION = 1.0;
				PRODUCT_BUNDLE_IDENTIFIER = hoju.MoneyBookUITests;
				PRODUCT_NAME = "$(TARGET_NAME)";
				SWIFT_EMIT_LOC_STRINGS = NO;
				SWIFT_VERSION = 5.0;
				TARGETED_DEVICE_FAMILY = "1,2";
				TEST_TARGET_NAME = MoneyBook;
			};
			name = Debug;
		};
		05A76A392A34115E00B231CB /* Release */ = {
			isa = XCBuildConfiguration;
			buildSettings = {
				ALWAYS_EMBED_SWIFT_STANDARD_LIBRARIES = YES;
				CODE_SIGN_STYLE = Automatic;
				CURRENT_PROJECT_VERSION = 1;
				DEVELOPMENT_TEAM = BG5DA8S34C;
				GENERATE_INFOPLIST_FILE = YES;
				MARKETING_VERSION = 1.0;
				PRODUCT_BUNDLE_IDENTIFIER = hoju.MoneyBookUITests;
				PRODUCT_NAME = "$(TARGET_NAME)";
				SWIFT_EMIT_LOC_STRINGS = NO;
				SWIFT_VERSION = 5.0;
				TARGETED_DEVICE_FAMILY = "1,2";
				TEST_TARGET_NAME = MoneyBook;
			};
			name = Release;
		};
		05BA7BF62B2B38D900D159FB /* Debug */ = {
			isa = XCBuildConfiguration;
			buildSettings = {
				ASSETCATALOG_COMPILER_GENERATE_SWIFT_ASSET_SYMBOL_EXTENSIONS = YES;
				ASSETCATALOG_COMPILER_GLOBAL_ACCENT_COLOR_NAME = AccentColor;
				ASSETCATALOG_COMPILER_WIDGET_BACKGROUND_COLOR_NAME = WidgetBackground;
				CODE_SIGN_STYLE = Automatic;
				CURRENT_PROJECT_VERSION = 1;
				DEVELOPMENT_TEAM = BG5DA8S34C;
				ENABLE_USER_SCRIPT_SANDBOXING = YES;
				GCC_C_LANGUAGE_STANDARD = gnu17;
				GENERATE_INFOPLIST_FILE = YES;
				INFOPLIST_FILE = MoneyBookWidgets/Info.plist;
				INFOPLIST_KEY_CFBundleDisplayName = MoneyBookWidgets;
				INFOPLIST_KEY_NSHumanReadableCopyright = "";
				IPHONEOS_DEPLOYMENT_TARGET = 17.0;
				LD_RUNPATH_SEARCH_PATHS = (
					"$(inherited)",
					"@executable_path/Frameworks",
					"@executable_path/../../Frameworks",
				);
				LOCALIZATION_PREFERS_STRING_CATALOGS = YES;
				MARKETING_VERSION = 1.0;
				PRODUCT_BUNDLE_IDENTIFIER = hoju.MoneyBook.MoneyBookWidgets;
				PRODUCT_NAME = "$(TARGET_NAME)";
				SKIP_INSTALL = YES;
				SWIFT_ACTIVE_COMPILATION_CONDITIONS = "DEBUG $(inherited)";
				SWIFT_EMIT_LOC_STRINGS = YES;
				SWIFT_VERSION = 5.0;
				TARGETED_DEVICE_FAMILY = "1,2";
			};
			name = Debug;
		};
		05BA7BF72B2B38D900D159FB /* Release */ = {
			isa = XCBuildConfiguration;
			buildSettings = {
				ASSETCATALOG_COMPILER_GENERATE_SWIFT_ASSET_SYMBOL_EXTENSIONS = YES;
				ASSETCATALOG_COMPILER_GLOBAL_ACCENT_COLOR_NAME = AccentColor;
				ASSETCATALOG_COMPILER_WIDGET_BACKGROUND_COLOR_NAME = WidgetBackground;
				CODE_SIGN_STYLE = Automatic;
				CURRENT_PROJECT_VERSION = 1;
				DEVELOPMENT_TEAM = BG5DA8S34C;
				ENABLE_USER_SCRIPT_SANDBOXING = YES;
				GCC_C_LANGUAGE_STANDARD = gnu17;
				GENERATE_INFOPLIST_FILE = YES;
				INFOPLIST_FILE = MoneyBookWidgets/Info.plist;
				INFOPLIST_KEY_CFBundleDisplayName = MoneyBookWidgets;
				INFOPLIST_KEY_NSHumanReadableCopyright = "";
				IPHONEOS_DEPLOYMENT_TARGET = 17.0;
				LD_RUNPATH_SEARCH_PATHS = (
					"$(inherited)",
					"@executable_path/Frameworks",
					"@executable_path/../../Frameworks",
				);
				LOCALIZATION_PREFERS_STRING_CATALOGS = YES;
				MARKETING_VERSION = 1.0;
				PRODUCT_BUNDLE_IDENTIFIER = hoju.MoneyBook.MoneyBookWidgets;
				PRODUCT_NAME = "$(TARGET_NAME)";
				SKIP_INSTALL = YES;
				SWIFT_EMIT_LOC_STRINGS = YES;
				SWIFT_VERSION = 5.0;
				TARGETED_DEVICE_FAMILY = "1,2";
			};
			name = Release;
		};
/* End XCBuildConfiguration section */

/* Begin XCConfigurationList section */
		05A76A032A34115D00B231CB /* Build configuration list for PBXProject "MoneyBook" */ = {
			isa = XCConfigurationList;
			buildConfigurations = (
				05A76A2F2A34115E00B231CB /* Debug */,
				05A76A302A34115E00B231CB /* Release */,
			);
			defaultConfigurationIsVisible = 0;
			defaultConfigurationName = Release;
		};
		05A76A312A34115E00B231CB /* Build configuration list for PBXNativeTarget "MoneyBook" */ = {
			isa = XCConfigurationList;
			buildConfigurations = (
				05A76A322A34115E00B231CB /* Debug */,
				05A76A332A34115E00B231CB /* Release */,
			);
			defaultConfigurationIsVisible = 0;
			defaultConfigurationName = Release;
		};
		05A76A342A34115E00B231CB /* Build configuration list for PBXNativeTarget "MoneyBookTests" */ = {
			isa = XCConfigurationList;
			buildConfigurations = (
				05A76A352A34115E00B231CB /* Debug */,
				05A76A362A34115E00B231CB /* Release */,
			);
			defaultConfigurationIsVisible = 0;
			defaultConfigurationName = Release;
		};
		05A76A372A34115E00B231CB /* Build configuration list for PBXNativeTarget "MoneyBookUITests" */ = {
			isa = XCConfigurationList;
			buildConfigurations = (
				05A76A382A34115E00B231CB /* Debug */,
				05A76A392A34115E00B231CB /* Release */,
			);
			defaultConfigurationIsVisible = 0;
			defaultConfigurationName = Release;
		};
		05BA7BF52B2B38D900D159FB /* Build configuration list for PBXNativeTarget "MoneyBookWidgetsExtension" */ = {
			isa = XCConfigurationList;
			buildConfigurations = (
				05BA7BF62B2B38D900D159FB /* Debug */,
				05BA7BF72B2B38D900D159FB /* Release */,
			);
			defaultConfigurationIsVisible = 0;
			defaultConfigurationName = Release;
		};
/* End XCConfigurationList section */

/* Begin XCVersionGroup section */
		05A76A162A34115E00B231CB /* MoneyBook.xcdatamodeld */ = {
			isa = XCVersionGroup;
			children = (
				05A76A172A34115E00B231CB /* MoneyBook.xcdatamodel */,
			);
			currentVersion = 05A76A172A34115E00B231CB /* MoneyBook.xcdatamodel */;
			path = MoneyBook.xcdatamodeld;
			sourceTree = "<group>";
			versionGroupType = wrapper.xcdatamodel;
		};
/* End XCVersionGroup section */
	};
	rootObject = 05A76A002A34115D00B231CB /* Project object */;
}
